
Microsoft Visual Studio Solution File, Format Version 12.00
# Visual Studio Version 17
VisualStudioVersion = 17.5.33627.172
MinimumVisualStudioVersion = 10.0.40219.1
Project("{2150E333-8FDC-42A3-9474-1A3956D46DE8}") = "04.Nutrition.And.Exercise.UseCases", "04.Nutrition.And.Exercise.UseCases", "{7980B630-DF86-47A9-AE0E-2740E02599F7}"
EndProject
Project("{9A19103F-16F7-4668-BE54-9A1E7A4F7556}") = "Nutrition.And.Exercise.UseCases", "Nutrition.And.Exercise.UseCases\Nutrition.And.Exercise.UseCases.csproj", "{666C996B-9DD2-4CBC-BFC6-26B01743E3F1}"
EndProject
Project("{2150E333-8FDC-42A3-9474-1A3956D46DE8}") = "03.Nutrition.And.Exercise.Services", "03.Nutrition.And.Exercise.Services", "{EC2E9975-6A1F-40AA-86A1-0D1FF397B615}"
EndProject
Project("{2150E333-8FDC-42A3-9474-1A3956D46DE8}") = "02.Nutrition.And.Exercise.Borders", "02.Nutrition.And.Exercise.Borders", "{667DF2A2-92B5-4F57-B961-17953B60C8D2}"
EndProject
Project("{9A19103F-16F7-4668-BE54-9A1E7A4F7556}") = "Nutrition.And.Exercise.Borders", "Nutrition.And.Exercise.Borders\Nutrition.And.Exercise.Borders.csproj", "{437FCBB1-5964-4135-83F5-BB5DF5CAC097}"
EndProject
Project("{9A19103F-16F7-4668-BE54-9A1E7A4F7556}") = "Nutrition.And.Exercise.Services", "Nutrition.And.Exercise.Services\Nutrition.And.Exercise.Services.csproj", "{C5CEA887-7C00-4059-8351-61B373CF1BD3}"
EndProject
Project("{2150E333-8FDC-42A3-9474-1A3956D46DE8}") = "06.Nutrition.And.Exercise.Tests", "06.Nutrition.And.Exercise.Tests", "{22F71690-DAE5-4CB4-BC07-8FD7880B328E}"
EndProject
Project("{9A19103F-16F7-4668-BE54-9A1E7A4F7556}") = "Nutrition.And.Exercise.Tests", "Nutrition.And.Exercise.Tests\Nutrition.And.Exercise.Tests.csproj", "{E4D2775D-9EEB-4BAB-98B7-508214837DB8}"
EndProject
Project("{2150E333-8FDC-42A3-9474-1A3956D46DE8}") = "01.Nutrition.And.Exercise.Api", "01.Nutrition.And.Exercise.Api", "{125877E4-7DDB-4439-87F5-E5C4829C65D1}"
EndProject
Project("{9A19103F-16F7-4668-BE54-9A1E7A4F7556}") = "Nutrition.And.Exercise.Api", "Nutrition.And.Exercise.Api\Nutrition.And.Exercise.Api.csproj", "{13FD2664-16FA-4912-BB1E-D9692782F8D7}"
	ProjectSection(ProjectDependencies) = postProject
		{24C67617-2A1D-4BF1-A7B8-A0B55EACDFC6} = {24C67617-2A1D-4BF1-A7B8-A0B55EACDFC6}
		{666C996B-9DD2-4CBC-BFC6-26B01743E3F1} = {666C996B-9DD2-4CBC-BFC6-26B01743E3F1}
	EndProjectSection
EndProject
Project("{2150E333-8FDC-42A3-9474-1A3956D46DE8}") = "src", "src", "{87C24617-C97C-4EE9-8015-BB9350886A72}"
EndProject
Project("{2150E333-8FDC-42A3-9474-1A3956D46DE8}") = "05.Nutrition.And.Exercise.Data", "05.Nutrition.And.Exercise.Data", "{91868E01-2F8D-46DC-8D4F-398B1132EF16}"
EndProject
Project("{9A19103F-16F7-4668-BE54-9A1E7A4F7556}") = "Nutrition.And.Exercise.Data", "Nutrition.And.Exercise.Data\Nutrition.And.Exercise.Data.csproj", "{24C67617-2A1D-4BF1-A7B8-A0B55EACDFC6}"
EndProject
Global
	GlobalSection(SolutionConfigurationPlatforms) = preSolution
		Debug|Any CPU = Debug|Any CPU
		Release|Any CPU = Release|Any CPU
	EndGlobalSection
	GlobalSection(ProjectConfigurationPlatforms) = postSolution
		{666C996B-9DD2-4CBC-BFC6-26B01743E3F1}.Debug|Any CPU.ActiveCfg = Debug|Any CPU
		{666C996B-9DD2-4CBC-BFC6-26B01743E3F1}.Debug|Any CPU.Build.0 = Debug|Any CPU
		{666C996B-9DD2-4CBC-BFC6-26B01743E3F1}.Release|Any CPU.ActiveCfg = Release|Any CPU
		{666C996B-9DD2-4CBC-BFC6-26B01743E3F1}.Release|Any CPU.Build.0 = Release|Any CPU
		{437FCBB1-5964-4135-83F5-BB5DF5CAC097}.Debug|Any CPU.ActiveCfg = Debug|Any CPU
		{437FCBB1-5964-4135-83F5-BB5DF5CAC097}.Debug|Any CPU.Build.0 = Debug|Any CPU
		{437FCBB1-5964-4135-83F5-BB5DF5CAC097}.Release|Any CPU.ActiveCfg = Release|Any CPU
		{437FCBB1-5964-4135-83F5-BB5DF5CAC097}.Release|Any CPU.Build.0 = Release|Any CPU
		{C5CEA887-7C00-4059-8351-61B373CF1BD3}.Debug|Any CPU.ActiveCfg = Debug|Any CPU
		{C5CEA887-7C00-4059-8351-61B373CF1BD3}.Debug|Any CPU.Build.0 = Debug|Any CPU
		{C5CEA887-7C00-4059-8351-61B373CF1BD3}.Release|Any CPU.ActiveCfg = Release|Any CPU
		{C5CEA887-7C00-4059-8351-61B373CF1BD3}.Release|Any CPU.Build.0 = Release|Any CPU
		{E4D2775D-9EEB-4BAB-98B7-508214837DB8}.Debug|Any CPU.ActiveCfg = Debug|Any CPU
		{E4D2775D-9EEB-4BAB-98B7-508214837DB8}.Debug|Any CPU.Build.0 = Debug|Any CPU
		{E4D2775D-9EEB-4BAB-98B7-508214837DB8}.Release|Any CPU.ActiveCfg = Release|Any CPU
		{E4D2775D-9EEB-4BAB-98B7-508214837DB8}.Release|Any CPU.Build.0 = Release|Any CPU
		{13FD2664-16FA-4912-BB1E-D9692782F8D7}.Debug|Any CPU.ActiveCfg = Debug|Any CPU
		{13FD2664-16FA-4912-BB1E-D9692782F8D7}.Debug|Any CPU.Build.0 = Debug|Any CPU
		{13FD2664-16FA-4912-BB1E-D9692782F8D7}.Release|Any CPU.ActiveCfg = Release|Any CPU
		{13FD2664-16FA-4912-BB1E-D9692782F8D7}.Release|Any CPU.Build.0 = Release|Any CPU
		{24C67617-2A1D-4BF1-A7B8-A0B55EACDFC6}.Debug|Any CPU.ActiveCfg = Debug|Any CPU
		{24C67617-2A1D-4BF1-A7B8-A0B55EACDFC6}.Debug|Any CPU.Build.0 = Debug|Any CPU
		{24C67617-2A1D-4BF1-A7B8-A0B55EACDFC6}.Release|Any CPU.ActiveCfg = Release|Any CPU
		{24C67617-2A1D-4BF1-A7B8-A0B55EACDFC6}.Release|Any CPU.Build.0 = Release|Any CPU
	EndGlobalSection
	GlobalSection(SolutionProperties) = preSolution
		HideSolutionNode = FALSE
	EndGlobalSection
	GlobalSection(NestedProjects) = preSolution
		{7980B630-DF86-47A9-AE0E-2740E02599F7} = {87C24617-C97C-4EE9-8015-BB9350886A72}
		{666C996B-9DD2-4CBC-BFC6-26B01743E3F1} = {7980B630-DF86-47A9-AE0E-2740E02599F7}
		{EC2E9975-6A1F-40AA-86A1-0D1FF397B615} = {87C24617-C97C-4EE9-8015-BB9350886A72}
		{667DF2A2-92B5-4F57-B961-17953B60C8D2} = {87C24617-C97C-4EE9-8015-BB9350886A72}
		{437FCBB1-5964-4135-83F5-BB5DF5CAC097} = {667DF2A2-92B5-4F57-B961-17953B60C8D2}
		{C5CEA887-7C00-4059-8351-61B373CF1BD3} = {EC2E9975-6A1F-40AA-86A1-0D1FF397B615}
		{22F71690-DAE5-4CB4-BC07-8FD7880B328E} = {87C24617-C97C-4EE9-8015-BB9350886A72}
		{E4D2775D-9EEB-4BAB-98B7-508214837DB8} = {22F71690-DAE5-4CB4-BC07-8FD7880B328E}
		{125877E4-7DDB-4439-87F5-E5C4829C65D1} = {87C24617-C97C-4EE9-8015-BB9350886A72}
		{13FD2664-16FA-4912-BB1E-D9692782F8D7} = {125877E4-7DDB-4439-87F5-E5C4829C65D1}
		{91868E01-2F8D-46DC-8D4F-398B1132EF16} = {87C24617-C97C-4EE9-8015-BB9350886A72}
		{24C67617-2A1D-4BF1-A7B8-A0B55EACDFC6} = {91868E01-2F8D-46DC-8D4F-398B1132EF16}
	EndGlobalSection
	GlobalSection(ExtensibilityGlobals) = postSolution
		SolutionGuid = {7D4A6006-C624-486E-A23E-B63BB3AAF8F9}
	EndGlobalSection
EndGlobal
